
Microsoft Visual Studio Solution File, Format Version 12.00
# Visual Studio Version 17
VisualStudioVersion = 17.11.35303.130
MinimumVisualStudioVersion = 10.0.40219.1
Project("{9A19103F-16F7-4668-BE54-9A1E7A4F7556}") = "SigesaWeb", "SIGESA\SigesaWeb.csproj", "{23D27E33-FFB4-44A9-8F9F-97A11F229996}"
EndProject
Project("{9A19103F-16F7-4668-BE54-9A1E7A4F7556}") = "SigesaDatos", "ClassLibrary1\SigesaDatos.csproj", "{4C07BF85-485D-4012-9004-0D0F286C7665}"
EndProject
Project("{9A19103F-16F7-4668-BE54-9A1E7A4F7556}") = "SigesaEntidades", "SigesaEntidades\SigesaEntidades.csproj", "{A699897E-6F05-4B5C-A405-9DFBA52A7B5B}"
EndProject
Global
	GlobalSection(SolutionConfigurationPlatforms) = preSolution
		Debug|Any CPU = Debug|Any CPU
		Release|Any CPU = Release|Any CPU
	EndGlobalSection
	GlobalSection(ProjectConfigurationPlatforms) = postSolution
		{23D27E33-FFB4-44A9-8F9F-97A11F229996}.Debug|Any CPU.ActiveCfg = Debug|Any CPU
		{23D27E33-FFB4-44A9-8F9F-97A11F229996}.Debug|Any CPU.Build.0 = Debug|Any CPU
		{23D27E33-FFB4-44A9-8F9F-97A11F229996}.Release|Any CPU.ActiveCfg = Release|Any CPU
		{23D27E33-FFB4-44A9-8F9F-97A11F229996}.Release|Any CPU.Build.0 = Release|Any CPU
		{4C07BF85-485D-4012-9004-0D0F286C7665}.Debug|Any CPU.ActiveCfg = Debug|Any CPU
		{4C07BF85-485D-4012-9004-0D0F286C7665}.Debug|Any CPU.Build.0 = Debug|Any CPU
		{4C07BF85-485D-4012-9004-0D0F286C7665}.Release|Any CPU.ActiveCfg = Release|Any CPU
		{4C07BF85-485D-4012-9004-0D0F286C7665}.Release|Any CPU.Build.0 = Release|Any CPU
		{A699897E-6F05-4B5C-A405-9DFBA52A7B5B}.Debug|Any CPU.ActiveCfg = Debug|Any CPU
		{A699897E-6F05-4B5C-A405-9DFBA52A7B5B}.Debug|Any CPU.Build.0 = Debug|Any CPU
		{A699897E-6F05-4B5C-A405-9DFBA52A7B5B}.Release|Any CPU.ActiveCfg = Release|Any CPU
		{A699897E-6F05-4B5C-A405-9DFBA52A7B5B}.Release|Any CPU.Build.0 = Release|Any CPU
	EndGlobalSection
	GlobalSection(SolutionProperties) = preSolution
		HideSolutionNode = FALSE
	EndGlobalSection
	GlobalSection(ExtensibilityGlobals) = postSolution
		SolutionGuid = {1DE59991-8A8F-4CDC-A4AA-0D6919BA9FAD}
	EndGlobalSection
EndGlobal
